Microsoft Visual Studio Solution File, Format Version 12.00
# Visual Studio 2012
Project("{FAE04EC0-301F-11D3-BF4B-00C04F79EFBC}") = "H18", "H18.csproj", "{32A5AD4E-291D-4262-9432-42F97E862951}"
EndProject
Global
	GlobalSection(SolutionConfigurationPlatforms) = preSolution
	Debug|Any CPU = Debug|Any CPU
	ExportDebug|Any CPU = ExportDebug|Any CPU
	ExportRelease|Any CPU = ExportRelease|Any CPU
	EndGlobalSection
	GlobalSection(ProjectConfigurationPlatforms) = postSolution
		{32A5AD4E-291D-4262-9432-42F97E862951}.Debug|Any CPU.ActiveCfg = Debug|Any CPU
		{32A5AD4E-291D-4262-9432-42F97E862951}.Debug|Any CPU.Build.0 = Debug|Any CPU
		{32A5AD4E-291D-4262-9432-42F97E862951}.ExportDebug|Any CPU.ActiveCfg = ExportDebug|Any CPU
		{32A5AD4E-291D-4262-9432-42F97E862951}.ExportDebug|Any CPU.Build.0 = ExportDebug|Any CPU
		{32A5AD4E-291D-4262-9432-42F97E862951}.ExportRelease|Any CPU.ActiveCfg = ExportRelease|Any CPU
		{32A5AD4E-291D-4262-9432-42F97E862951}.ExportRelease|Any CPU.Build.0 = ExportRelease|Any CPU
	EndGlobalSection
EndGlobal
